// !$*UTF8*$!
{
	archiveVersion = 1;
	classes = {
	};
	objectVersion = 54;
	objects = {

/* Begin PBXBuildFile section */
		324213AA2A1A354100DC7FFC /* R.generated.swift in Sources */ = {isa = PBXBuildFile; fileRef = 324213A92A1A354100DC7FFC /* R.generated.swift */; };
		324213C32A1A359300DC7FFC /* AppDelegate.swift in Sources */ = {isa = PBXBuildFile; fileRef = 324213AC2A1A359300DC7FFC /* AppDelegate.swift */; };
		324213C42A1A359300DC7FFC /* SceneDelegate.swift in Sources */ = {isa = PBXBuildFile; fileRef = 324213AD2A1A359300DC7FFC /* SceneDelegate.swift */; };
		324213C52A1A359300DC7FFC /* DetailsViewController.swift in Sources */ = {isa = PBXBuildFile; fileRef = 324213AE2A1A359300DC7FFC /* DetailsViewController.swift */; };
		324213C62A1A359300DC7FFC /* HomeViewController.swift in Sources */ = {isa = PBXBuildFile; fileRef = 324213AF2A1A359300DC7FFC /* HomeViewController.swift */; };
		324213C72A1A359300DC7FFC /* Alert.swift in Sources */ = {isa = PBXBuildFile; fileRef = 324213B12A1A359300DC7FFC /* Alert.swift */; };
		324213C82A1A359300DC7FFC /* GradientBackgroundView.swift in Sources */ = {isa = PBXBuildFile; fileRef = 324213B22A1A359300DC7FFC /* GradientBackgroundView.swift */; };
		324213CA2A1A359300DC7FFC /* ComponentView.swift in Sources */ = {isa = PBXBuildFile; fileRef = 324213B42A1A359300DC7FFC /* ComponentView.swift */; };
		324213CB2A1A359300DC7FFC /* SettingItemView.swift in Sources */ = {isa = PBXBuildFile; fileRef = 324213B52A1A359300DC7FFC /* SettingItemView.swift */; };
		324213CC2A1A359300DC7FFC /* BatteryView.swift in Sources */ = {isa = PBXBuildFile; fileRef = 324213B62A1A359300DC7FFC /* BatteryView.swift */; };
		324213CD2A1A359300DC7FFC /* Strings.swift in Sources */ = {isa = PBXBuildFile; fileRef = 324213B72A1A359300DC7FFC /* Strings.swift */; };
		324213CE2A1A359300DC7FFC /* ConnectivityViewController.swift in Sources */ = {isa = PBXBuildFile; fileRef = 324213B82A1A359300DC7FFC /* ConnectivityViewController.swift */; };
		324213CF2A1A359300DC7FFC /* Array+Extensions.swift in Sources */ = {isa = PBXBuildFile; fileRef = 324213BA2A1A359300DC7FFC /* Array+Extensions.swift */; };
		324213D02A1A359300DC7FFC /* UIView+Extensions.swift in Sources */ = {isa = PBXBuildFile; fileRef = 324213BB2A1A359300DC7FFC /* UIView+Extensions.swift */; };
		324213D42A1A359300DC7FFC /* SettingsViewController.swift in Sources */ = {isa = PBXBuildFile; fileRef = 324213C22A1A359300DC7FFC /* SettingsViewController.swift */; };
		324213D52A1A37B800DC7FFC /* Assets.xcassets in Resources */ = {isa = PBXBuildFile; fileRef = 32049E86260774F000058371 /* Assets.xcassets */; };
		324213D62A1A37B800DC7FFC /* LaunchScreen.storyboard in Resources */ = {isa = PBXBuildFile; fileRef = 32049E88260774F000058371 /* LaunchScreen.storyboard */; };
		324213D72A1A37B800DC7FFC /* Main.storyboard in Resources */ = {isa = PBXBuildFile; fileRef = 32049E83260774EF00058371 /* Main.storyboard */; };
		4ADCF3E5870DF851190206F7 /* Pods_BatteryMonitorBL.framework in Frameworks */ = {isa = PBXBuildFile; fileRef = F9A2BDB4DCDEB49487D3DCF0 /* Pods_BatteryMonitorBL.framework */; };
		6A0F514F2E95216C0082CEFD /* ProtocolParametersView.swift in Sources */ = {isa = PBXBuildFile; fileRef = 6A0F514E2E95216C0082CEFD /* ProtocolParametersView.swift */; };
		6A5045C82E93DBE500456B5C /* ProtocolParametersView.swift in Sources */ = {isa = PBXBuildFile; fileRef = 6A5045C72E93DBE500456B5C /* ProtocolParametersView.swift */; };
		6A5045CA2E93ECBD00456B5C /* HeaderLogoView.swift in Sources */ = {isa = PBXBuildFile; fileRef = 6A5045C92E93ECBD00456B5C /* HeaderLogoView.swift */; };
		6A5045CC2E93FF6F00456B5C /* ConnectionStatusBanner.swift in Sources */ = {isa = PBXBuildFile; fileRef = 6A5045CB2E93FF6F00456B5C /* ConnectionStatusBanner.swift */; };
		6A55CB4B2DCE566400B3C34B /* SummaryTabView.swift in Sources */ = {isa = PBXBuildFile; fileRef = 6A55CB4A2DCE566400B3C34B /* SummaryTabView.swift */; };
		6A55CB552DCE6A0F00B3C34B /* TimerView.swift in Sources */ = {isa = PBXBuildFile; fileRef = 6A55CB542DCE6A0F00B3C34B /* TimerView.swift */; };
		6A55CB582DCE6AFB00B3C34B /* BatteryParametersView.swift in Sources */ = {isa = PBXBuildFile; fileRef = 6A55CB562DCE6AFB00B3C34B /* BatteryParametersView.swift */; };
		6A5BA67F2DD361CA006C1EB8 /* BluetoothConnectionView.swift in Sources */ = {isa = PBXBuildFile; fileRef = 6A5BA67E2DD361CA006C1EB8 /* BluetoothConnectionView.swift */; };
		6A5BA6812DD36A7C006C1EB8 /* TabsContainerView.swift in Sources */ = {isa = PBXBuildFile; fileRef = 6A5BA6802DD36A7C006C1EB8 /* TabsContainerView.swift */; };
		6A64C0552DD5DAAE00097A22 /* CellVoltageTabView.swift in Sources */ = {isa = PBXBuildFile; fileRef = 6A64C0542DD5DAAE00097A22 /* CellVoltageTabView.swift */; };
		6A64C0572DD5E6D100097A22 /* TemperatureTabView.swift in Sources */ = {isa = PBXBuildFile; fileRef = 6A64C0562DD5E6D000097A22 /* TemperatureTabView.swift */; };
		6A64C05B2DD6093900097A22 /* DiagnosticsViewController.swift in Sources */ = {isa = PBXBuildFile; fileRef = 6A64C05A2DD6093900097A22 /* DiagnosticsViewController.swift */; };
		6A7F09872DE08592004FAB0B /* BatteryStatusView.swift in Sources */ = {isa = PBXBuildFile; fileRef = 6A7F09862DE08592004FAB0B /* BatteryStatusView.swift */; };
		6AC451A42DD23E4900478A90 /* BatteryProgressView.swift in Sources */ = {isa = PBXBuildFile; fileRef = 6AC451A32DD23E4900478A90 /* BatteryProgressView.swift */; };
/* End PBXBuildFile section */

/* Begin PBXFileReference section */
		32049E7A260774EF00058371 /* BatteryMonitorBL.app */ = {isa = PBXFileReference; explicitFileType = wrapper.application; includeInIndex = 0; path = BatteryMonitorBL.app; sourceTree = BUILT_PRODUCTS_DIR; };
		32049E84260774EF00058371 /* Base */ = {isa = PBXFileReference; lastKnownFileType = file.storyboard; name = Base; path = Base.lproj/Main.storyboard; sourceTree = "<group>"; };
		32049E86260774F000058371 /* Assets.xcassets */ = {isa = PBXFileReference; lastKnownFileType = folder.assetcatalog; path = Assets.xcassets; sourceTree = "<group>"; };
		32049E89260774F000058371 /* Base */ = {isa = PBXFileReference; lastKnownFileType = file.storyboard; name = Base; path = Base.lproj/LaunchScreen.storyboard; sourceTree = "<group>"; };
		32049E8B260774F000058371 /* Info.plist */ = {isa = PBXFileReference; lastKnownFileType = text.plist.xml; path = Info.plist; sourceTree = "<group>"; };
		324213A92A1A354100DC7FFC /* R.generated.swift */ = {isa = PBXFileReference; lastKnownFileType = sourcecode.swift; path = R.generated.swift; sourceTree = "<group>"; };
		324213AC2A1A359300DC7FFC /* AppDelegate.swift */ = {isa = PBXFileReference; fileEncoding = 4; lastKnownFileType = sourcecode.swift; path = AppDelegate.swift; sourceTree = "<group>"; };
		324213AD2A1A359300DC7FFC /* SceneDelegate.swift */ = {isa = PBXFileReference; fileEncoding = 4; lastKnownFileType = sourcecode.swift; path = SceneDelegate.swift; sourceTree = "<group>"; };
		324213AE2A1A359300DC7FFC /* DetailsViewController.swift */ = {isa = PBXFileReference; fileEncoding = 4; lastKnownFileType = sourcecode.swift; path = DetailsViewController.swift; sourceTree = "<group>"; };
		324213AF2A1A359300DC7FFC /* HomeViewController.swift */ = {isa = PBXFileReference; fileEncoding = 4; lastKnownFileType = sourcecode.swift; path = HomeViewController.swift; sourceTree = "<group>"; };
		324213B12A1A359300DC7FFC /* Alert.swift */ = {isa = PBXFileReference; fileEncoding = 4; lastKnownFileType = sourcecode.swift; path = Alert.swift; sourceTree = "<group>"; };
		324213B22A1A359300DC7FFC /* GradientBackgroundView.swift */ = {isa = PBXFileReference; fileEncoding = 4; lastKnownFileType = sourcecode.swift; path = GradientBackgroundView.swift; sourceTree = "<group>"; };
		324213B42A1A359300DC7FFC /* ComponentView.swift */ = {isa = PBXFileReference; fileEncoding = 4; lastKnownFileType = sourcecode.swift; path = ComponentView.swift; sourceTree = "<group>"; };
		324213B52A1A359300DC7FFC /* SettingItemView.swift */ = {isa = PBXFileReference; fileEncoding = 4; lastKnownFileType = sourcecode.swift; path = SettingItemView.swift; sourceTree = "<group>"; };
		324213B62A1A359300DC7FFC /* BatteryView.swift */ = {isa = PBXFileReference; fileEncoding = 4; lastKnownFileType = sourcecode.swift; path = BatteryView.swift; sourceTree = "<group>"; };
		324213B72A1A359300DC7FFC /* Strings.swift */ = {isa = PBXFileReference; fileEncoding = 4; lastKnownFileType = sourcecode.swift; path = Strings.swift; sourceTree = "<group>"; };
		324213B82A1A359300DC7FFC /* ConnectivityViewController.swift */ = {isa = PBXFileReference; fileEncoding = 4; lastKnownFileType = sourcecode.swift; path = ConnectivityViewController.swift; sourceTree = "<group>"; };
		324213BA2A1A359300DC7FFC /* Array+Extensions.swift */ = {isa = PBXFileReference; fileEncoding = 4; lastKnownFileType = sourcecode.swift; path = "Array+Extensions.swift"; sourceTree = "<group>"; };
		324213BB2A1A359300DC7FFC /* UIView+Extensions.swift */ = {isa = PBXFileReference; fileEncoding = 4; lastKnownFileType = sourcecode.swift; path = "UIView+Extensions.swift"; sourceTree = "<group>"; };
		324213C22A1A359300DC7FFC /* SettingsViewController.swift */ = {isa = PBXFileReference; fileEncoding = 4; lastKnownFileType = sourcecode.swift; path = SettingsViewController.swift; sourceTree = "<group>"; };
		4DD148754BC3E68BD751DD64 /* Pods-BatteryMonitorBL.debug.xcconfig */ = {isa = PBXFileReference; includeInIndex = 1; lastKnownFileType = text.xcconfig; name = "Pods-BatteryMonitorBL.debug.xcconfig"; path = "Target Support Files/Pods-BatteryMonitorBL/Pods-BatteryMonitorBL.debug.xcconfig"; sourceTree = "<group>"; };
		6A0F514E2E95216C0082CEFD /* ProtocolParametersView.swift */ = {isa = PBXFileReference; lastKnownFileType = sourcecode.swift; path = ProtocolParametersView.swift; sourceTree = "<group>"; };
		6A5045C72E93DBE500456B5C /* ProtocolParametersView.swift */ = {isa = PBXFileReference; lastKnownFileType = sourcecode.swift; path = ProtocolParametersView.swift; sourceTree = "<group>"; };
		6A5045C92E93ECBD00456B5C /* HeaderLogoView.swift */ = {isa = PBXFileReference; lastKnownFileType = sourcecode.swift; path = HeaderLogoView.swift; sourceTree = "<group>"; };
		6A5045CB2E93FF6F00456B5C /* ConnectionStatusBanner.swift */ = {isa = PBXFileReference; lastKnownFileType = sourcecode.swift; path = ConnectionStatusBanner.swift; sourceTree = "<group>"; };
		6A55CB4A2DCE566400B3C34B /* SummaryTabView.swift */ = {isa = PBXFileReference; lastKnownFileType = sourcecode.swift; path = SummaryTabView.swift; sourceTree = "<group>"; };
		6A55CB542DCE6A0F00B3C34B /* TimerView.swift */ = {isa = PBXFileReference; lastKnownFileType = sourcecode.swift; path = TimerView.swift; sourceTree = "<group>"; };
		6A55CB562DCE6AFB00B3C34B /* BatteryParametersView.swift */ = {isa = PBXFileReference; lastKnownFileType = sourcecode.swift; path = BatteryParametersView.swift; sourceTree = "<group>"; };
		6A5BA67E2DD361CA006C1EB8 /* BluetoothConnectionView.swift */ = {isa = PBXFileReference; lastKnownFileType = sourcecode.swift; path = BluetoothConnectionView.swift; sourceTree = "<group>"; };
		6A5BA6802DD36A7C006C1EB8 /* TabsContainerView.swift */ = {isa = PBXFileReference; lastKnownFileType = sourcecode.swift; path = TabsContainerView.swift; sourceTree = "<group>"; };
		6A64C0542DD5DAAE00097A22 /* CellVoltageTabView.swift */ = {isa = PBXFileReference; lastKnownFileType = sourcecode.swift; path = CellVoltageTabView.swift; sourceTree = "<group>"; };
		6A64C0562DD5E6D000097A22 /* TemperatureTabView.swift */ = {isa = PBXFileReference; lastKnownFileType = sourcecode.swift; path = TemperatureTabView.swift; sourceTree = "<group>"; };
		6A64C05A2DD6093900097A22 /* DiagnosticsViewController.swift */ = {isa = PBXFileReference; lastKnownFileType = sourcecode.swift; path = DiagnosticsViewController.swift; sourceTree = "<group>"; };
		6A7F09862DE08592004FAB0B /* BatteryStatusView.swift */ = {isa = PBXFileReference; lastKnownFileType = sourcecode.swift; path = BatteryStatusView.swift; sourceTree = "<group>"; };
		6AC451A32DD23E4900478A90 /* BatteryProgressView.swift */ = {isa = PBXFileReference; lastKnownFileType = sourcecode.swift; path = BatteryProgressView.swift; sourceTree = "<group>"; };
		D66A4BD0B8978044385B3013 /* Pods-BatteryMonitorBL.release.xcconfig */ = {isa = PBXFileReference; includeInIndex = 1; lastKnownFileType = text.xcconfig; name = "Pods-BatteryMonitorBL.release.xcconfig"; path = "Target Support Files/Pods-BatteryMonitorBL/Pods-BatteryMonitorBL.release.xcconfig"; sourceTree = "<group>"; };
		F9A2BDB4DCDEB49487D3DCF0 /* Pods_BatteryMonitorBL.framework */ = {isa = PBXFileReference; explicitFileType = wrapper.framework; includeInIndex = 0; path = Pods_BatteryMonitorBL.framework; sourceTree = BUILT_PRODUCTS_DIR; };
/* End PBXFileReference section */

/* Begin PBXFrameworksBuildPhase section */
		32049E77260774EF00058371 /* Frameworks */ = {
			isa = PBXFrameworksBuildPhase;
			buildActionMask = 2147483647;
			files = (
				4ADCF3E5870DF851190206F7 /* Pods_BatteryMonitorBL.framework in Frameworks */,
			);
			runOnlyForDeploymentPostprocessing = 0;
		};
/* End PBXFrameworksBuildPhase section */

/* Begin PBXGroup section */
		32049E71260774EF00058371 = {
			isa = PBXGroup;
			children = (
				324213A92A1A354100DC7FFC /* R.generated.swift */,
				32049E7B260774EF00058371 /* Products */,
				32049E7C260774EF00058371 /* BatteryMonitorBL */,
				B46BF61A1A5F2489B1081840 /* Pods */,
				C3FE3232BD733F7D7CBCE225 /* Frameworks */,
			);
			sourceTree = "<group>";
		};
		32049E7B260774EF00058371 /* Products */ = {
			isa = PBXGroup;
			children = (
				32049E7A260774EF00058371 /* BatteryMonitorBL.app */,
			);
			name = Products;
			sourceTree = "<group>";
		};
		32049E7C260774EF00058371 /* BatteryMonitorBL */ = {
			isa = PBXGroup;
			children = (
				32049E99260779EB00058371 /* Assets */,
				324213AB2A1A359300DC7FFC /* App */,
				324213B92A1A359300DC7FFC /* Extensions */,
				324213B82A1A359300DC7FFC /* ConnectivityViewController.swift */,
				6A64C05A2DD6093900097A22 /* DiagnosticsViewController.swift */,
				324213AE2A1A359300DC7FFC /* DetailsViewController.swift */,
				324213AF2A1A359300DC7FFC /* HomeViewController.swift */,
				324213C22A1A359300DC7FFC /* SettingsViewController.swift */,
				324213B72A1A359300DC7FFC /* Strings.swift */,
				324213B02A1A359300DC7FFC /* Views */,
				32049E8B260774F000058371 /* Info.plist */,
			);
			path = BatteryMonitorBL;
			sourceTree = "<group>";
		};
		32049E99260779EB00058371 /* Assets */ = {
			isa = PBXGroup;
			children = (
				32049E86260774F000058371 /* Assets.xcassets */,
				32049E88260774F000058371 /* LaunchScreen.storyboard */,
				32049E83260774EF00058371 /* Main.storyboard */,
			);
			path = Assets;
			sourceTree = "<group>";
		};
		324213AB2A1A359300DC7FFC /* App */ = {
			isa = PBXGroup;
			children = (
				324213AC2A1A359300DC7FFC /* AppDelegate.swift */,
				324213AD2A1A359300DC7FFC /* SceneDelegate.swift */,
			);
			path = App;
			sourceTree = "<group>";
		};
		324213B02A1A359300DC7FFC /* Views */ = {
			isa = PBXGroup;
			children = (
				6A0F514E2E95216C0082CEFD /* ProtocolParametersView.swift */,
				6A5045CB2E93FF6F00456B5C /* ConnectionStatusBanner.swift */,
				6A5045C92E93ECBD00456B5C /* HeaderLogoView.swift */,
				6A5045C72E93DBE500456B5C /* ProtocolParametersView.swift */,
				6A7F09862DE08592004FAB0B /* BatteryStatusView.swift */,
				6A64C0562DD5E6D000097A22 /* TemperatureTabView.swift */,
				6A64C0542DD5DAAE00097A22 /* CellVoltageTabView.swift */,
				6A5BA6802DD36A7C006C1EB8 /* TabsContainerView.swift */,
				6A5BA67E2DD361CA006C1EB8 /* BluetoothConnectionView.swift */,
				6AC451A32DD23E4900478A90 /* BatteryProgressView.swift */,
				6A55CB562DCE6AFB00B3C34B /* BatteryParametersView.swift */,
				6A55CB542DCE6A0F00B3C34B /* TimerView.swift */,
				6A55CB4A2DCE566400B3C34B /* SummaryTabView.swift */,
				324213B12A1A359300DC7FFC /* Alert.swift */,
				324213B22A1A359300DC7FFC /* GradientBackgroundView.swift */,
				324213B42A1A359300DC7FFC /* ComponentView.swift */,
				324213B52A1A359300DC7FFC /* SettingItemView.swift */,
				324213B62A1A359300DC7FFC /* BatteryView.swift */,
			);
			path = Views;
			sourceTree = "<group>";
		};
		324213B92A1A359300DC7FFC /* Extensions */ = {
			isa = PBXGroup;
			children = (
				324213BA2A1A359300DC7FFC /* Array+Extensions.swift */,
				324213BB2A1A359300DC7FFC /* UIView+Extensions.swift */,
			);
			path = Extensions;
			sourceTree = "<group>";
		};
		B46BF61A1A5F2489B1081840 /* Pods */ = {
			isa = PBXGroup;
			children = (
				4DD148754BC3E68BD751DD64 /* Pods-BatteryMonitorBL.debug.xcconfig */,
				D66A4BD0B8978044385B3013 /* Pods-BatteryMonitorBL.release.xcconfig */,
			);
			path = Pods;
			sourceTree = "<group>";
		};
		C3FE3232BD733F7D7CBCE225 /* Frameworks */ = {
			isa = PBXGroup;
			children = (
				F9A2BDB4DCDEB49487D3DCF0 /* Pods_BatteryMonitorBL.framework */,
			);
			name = Frameworks;
			sourceTree = "<group>";
		};
/* End PBXGroup section */

/* Begin PBXNativeTarget section */
		32049E79260774EF00058371 /* BatteryMonitorBL */ = {
			isa = PBXNativeTarget;
			buildConfigurationList = 32049E8E260774F000058371 /* Build configuration list for PBXNativeTarget "BatteryMonitorBL" */;
			buildPhases = (
				E7B9DD45BE92D3B418B67500 /* [CP] Check Pods Manifest.lock */,
				324213A82A1A34F700DC7FFC /* R.swift */,
				32049E76260774EF00058371 /* Sources */,
				32049E77260774EF00058371 /* Frameworks */,
				32049E78260774EF00058371 /* Resources */,
				1D7A4CDC344F494B9BC4A8C5 /* [CP] Embed Pods Frameworks */,
			);
			buildRules = (
			);
			dependencies = (
			);
			name = BatteryMonitorBL;
			productName = ZetaraPowerBMSTool;
			productReference = 32049E7A260774EF00058371 /* BatteryMonitorBL.app */;
			productType = "com.apple.product-type.application";
		};
/* End PBXNativeTarget section */

/* Begin PBXProject section */
		32049E72260774EF00058371 /* Project object */ = {
			isa = PBXProject;
			attributes = {
				LastSwiftUpdateCheck = 1240;
				LastUpgradeCheck = 1240;
				TargetAttributes = {
					32049E79260774EF00058371 = {
						CreatedOnToolsVersion = 12.4;
						LastSwiftMigration = 1240;
					};
				};
			};
			buildConfigurationList = 32049E75260774EF00058371 /* Build configuration list for PBXProject "BatteryMonitorBL" */;
			compatibilityVersion = "Xcode 9.3";
			developmentRegion = en;
			hasScannedForEncodings = 0;
			knownRegions = (
				en,
				Base,
			);
			mainGroup = 32049E71260774EF00058371;
			productRefGroup = 32049E7B260774EF00058371 /* Products */;
			projectDirPath = "";
			projectRoot = "";
			targets = (
				32049E79260774EF00058371 /* BatteryMonitorBL */,
			);
		};
/* End PBXProject section */

/* Begin PBXResourcesBuildPhase section */
		32049E78260774EF00058371 /* Resources */ = {
			isa = PBXResourcesBuildPhase;
			buildActionMask = 2147483647;
			files = (
				324213D52A1A37B800DC7FFC /* Assets.xcassets in Resources */,
				324213D62A1A37B800DC7FFC /* LaunchScreen.storyboard in Resources */,
				324213D72A1A37B800DC7FFC /* Main.storyboard in Resources */,
			);
			runOnlyForDeploymentPostprocessing = 0;
		};
/* End PBXResourcesBuildPhase section */

/* Begin PBXShellScriptBuildPhase section */
		1D7A4CDC344F494B9BC4A8C5 /* [CP] Embed Pods Frameworks */ = {
			isa = PBXShellScriptBuildPhase;
			buildActionMask = 2147483647;
			files = (
			);
			inputFileListPaths = (
				"${PODS_ROOT}/Target Support Files/Pods-BatteryMonitorBL/Pods-BatteryMonitorBL-frameworks-${CONFIGURATION}-input-files.xcfilelist",
			);
			inputPaths = (
			);
			name = "[CP] Embed Pods Frameworks";
			outputFileListPaths = (
				"${PODS_ROOT}/Target Support Files/Pods-BatteryMonitorBL/Pods-BatteryMonitorBL-frameworks-${CONFIGURATION}-output-files.xcfilelist",
			);
			outputPaths = (
			);
			runOnlyForDeploymentPostprocessing = 0;
			shellPath = /bin/sh;
			shellScript = "\"${PODS_ROOT}/Target Support Files/Pods-BatteryMonitorBL/Pods-BatteryMonitorBL-frameworks.sh\"\n";
			showEnvVarsInLog = 0;
		};
		324213A82A1A34F700DC7FFC /* R.swift */ = {
			isa = PBXShellScriptBuildPhase;
			buildActionMask = 2147483647;
			files = (
			);
			inputFileListPaths = (
			);
			inputPaths = (
			);
			name = R.swift;
			outputFileListPaths = (
			);
			outputPaths = (
			);
			runOnlyForDeploymentPostprocessing = 0;
			shellPath = /bin/sh;
			shellScript = "\"$PODS_ROOT/R.swift/rswift\" generate \"$SRCROOT/R.generated.swift\"\n";
		};
		E7B9DD45BE92D3B418B67500 /* [CP] Check Pods Manifest.lock */ = {
			isa = PBXShellScriptBuildPhase;
			buildActionMask = 2147483647;
			files = (
			);
			inputFileListPaths = (
			);
			inputPaths = (
				"${PODS_PODFILE_DIR_PATH}/Podfile.lock",
				"${PODS_ROOT}/Manifest.lock",
			);
			name = "[CP] Check Pods Manifest.lock";
			outputFileListPaths = (
			);
			outputPaths = (
				"$(DERIVED_FILE_DIR)/Pods-BatteryMonitorBL-checkManifestLockResult.txt",
			);
			runOnlyForDeploymentPostprocessing = 0;
			shellPath = /bin/sh;
			shellScript = "diff \"${PODS_PODFILE_DIR_PATH}/Podfile.lock\" \"${PODS_ROOT}/Manifest.lock\" > /dev/null\nif [ $? != 0 ] ; then\n    # print error to STDERR\n    echo \"error: The sandbox is not in sync with the Podfile.lock. Run 'pod install' or update your CocoaPods installation.\" >&2\n    exit 1\nfi\n# This output is used by Xcode 'outputs' to avoid re-running this script phase.\necho \"SUCCESS\" > \"${SCRIPT_OUTPUT_FILE_0}\"\n";
			showEnvVarsInLog = 0;
		};
/* End PBXShellScriptBuildPhase section */

/* Begin PBXSourcesBuildPhase section */
		32049E76260774EF00058371 /* Sources */ = {
			isa = PBXSourcesBuildPhase;
			buildActionMask = 2147483647;
			files = (
				324213C72A1A359300DC7FFC /* Alert.swift in Sources */,
				324213C62A1A359300DC7FFC /* HomeViewController.swift in Sources */,
				324213CC2A1A359300DC7FFC /* BatteryView.swift in Sources */,
				324213CF2A1A359300DC7FFC /* Array+Extensions.swift in Sources */,
				6A55CB582DCE6AFB00B3C34B /* BatteryParametersView.swift in Sources */,
				6A5045CC2E93FF6F00456B5C /* ConnectionStatusBanner.swift in Sources */,
				6A5045CA2E93ECBD00456B5C /* HeaderLogoView.swift in Sources */,
				6A64C0552DD5DAAE00097A22 /* CellVoltageTabView.swift in Sources */,
				324213C32A1A359300DC7FFC /* AppDelegate.swift in Sources */,
				324213CE2A1A359300DC7FFC /* ConnectivityViewController.swift in Sources */,
				6A5045C82E93DBE500456B5C /* ProtocolParametersView.swift in Sources */,
				324213D42A1A359300DC7FFC /* SettingsViewController.swift in Sources */,
				6A7F09872DE08592004FAB0B /* BatteryStatusView.swift in Sources */,
				324213C82A1A359300DC7FFC /* GradientBackgroundView.swift in Sources */,
				6A55CB552DCE6A0F00B3C34B /* TimerView.swift in Sources */,
				6A5BA6812DD36A7C006C1EB8 /* TabsContainerView.swift in Sources */,
				324213AA2A1A354100DC7FFC /* R.generated.swift in Sources */,
				324213CB2A1A359300DC7FFC /* SettingItemView.swift in Sources */,
				6A64C0572DD5E6D100097A22 /* TemperatureTabView.swift in Sources */,
				324213C42A1A359300DC7FFC /* SceneDelegate.swift in Sources */,
				6A5BA67F2DD361CA006C1EB8 /* BluetoothConnectionView.swift in Sources */,
				6A0F514F2E95216C0082CEFD /* ProtocolParametersView.swift in Sources */,
				6A64C05B2DD6093900097A22 /* DiagnosticsViewController.swift in Sources */,
				324213C52A1A359300DC7FFC /* DetailsViewController.swift in Sources */,
				324213D02A1A359300DC7FFC /* UIView+Extensions.swift in Sources */,
				6A55CB4B2DCE566400B3C34B /* SummaryTabView.swift in Sources */,
				324213CD2A1A359300DC7FFC /* Strings.swift in Sources */,
				6AC451A42DD23E4900478A90 /* BatteryProgressView.swift in Sources */,
				324213CA2A1A359300DC7FFC /* ComponentView.swift in Sources */,
			);
			runOnlyForDeploymentPostprocessing = 0;
		};
/* End PBXSourcesBuildPhase section */

/* Begin PBXVariantGroup section */
		32049E83260774EF00058371 /* Main.storyboard */ = {
			isa = PBXVariantGroup;
			children = (
				32049E84260774EF00058371 /* Base */,
			);
			name = Main.storyboard;
			path = .;
			sourceTree = "<group>";
		};
		32049E88260774F000058371 /* LaunchScreen.storyboard */ = {
			isa = PBXVariantGroup;
			children = (
				32049E89260774F000058371 /* Base */,
			);
			name = LaunchScreen.storyboard;
			path = .;
			sourceTree = "<group>";
		};
/* End PBXVariantGroup section */

/* Begin XCBuildConfiguration section */
		32049E8C260774F000058371 /* Debug */ = {
			isa = XCBuildConfiguration;
			buildSettings = {
				ALWAYS_SEARCH_USER_PATHS = NO;
				CLANG_ANALYZER_NONNULL = YES;
				CLANG_ANALYZER_NUMBER_OBJECT_CONVERSION = YES_AGGRESSIVE;
				CLANG_CXX_LANGUAGE_STANDARD = "gnu++14";
				CLANG_CXX_LIBRARY = "libc++";
				CLANG_ENABLE_MODULES = YES;
				CLANG_ENABLE_OBJC_ARC = YES;
				CLANG_ENABLE_OBJC_WEAK = YES;
				CLANG_WARN_BLOCK_CAPTURE_AUTORELEASING = YES;
				CLANG_WARN_BOOL_CONVERSION = YES;
				CLANG_WARN_COMMA = YES;
				CLANG_WARN_CONSTANT_CONVERSION = YES;
				CLANG_WARN_DEPRECATED_OBJC_IMPLEMENTATIONS = YES;
				CLANG_WARN_DIRECT_OBJC_ISA_USAGE = YES_ERROR;
				CLANG_WARN_DOCUMENTATION_COMMENTS = YES;
				CLANG_WARN_EMPTY_BODY = YES;
				CLANG_WARN_ENUM_CONVERSION = YES;
				CLANG_WARN_INFINITE_RECURSION = YES;
				CLANG_WARN_INT_CONVERSION = YES;
				CLANG_WARN_NON_LITERAL_NULL_CONVERSION = YES;
				CLANG_WARN_OBJC_IMPLICIT_RETAIN_SELF = YES;
				CLANG_WARN_OBJC_LITERAL_CONVERSION = YES;
				CLANG_WARN_OBJC_ROOT_CLASS = YES_ERROR;
				CLANG_WARN_QUOTED_INCLUDE_IN_FRAMEWORK_HEADER = YES;
				CLANG_WARN_RANGE_LOOP_ANALYSIS = YES;
				CLANG_WARN_STRICT_PROTOTYPES = YES;
				CLANG_WARN_SUSPICIOUS_MOVE = YES;
				CLANG_WARN_UNGUARDED_AVAILABILITY = YES_AGGRESSIVE;
				CLANG_WARN_UNREACHABLE_CODE = YES;
				CLANG_WARN__DUPLICATE_METHOD_MATCH = YES;
				COPY_PHASE_STRIP = NO;
				DEBUG_INFORMATION_FORMAT = dwarf;
				ENABLE_STRICT_OBJC_MSGSEND = YES;
				ENABLE_TESTABILITY = YES;
				GCC_C_LANGUAGE_STANDARD = gnu11;
				GCC_DYNAMIC_NO_PIC = NO;
				GCC_NO_COMMON_BLOCKS = YES;
				GCC_OPTIMIZATION_LEVEL = 0;
				GCC_PREPROCESSOR_DEFINITIONS = (
					"DEBUG=1",
					"$(inherited)",
				);
				GCC_WARN_64_TO_32_BIT_CONVERSION = YES;
				GCC_WARN_ABOUT_RETURN_TYPE = YES_ERROR;
				GCC_WARN_UNDECLARED_SELECTOR = YES;
				GCC_WARN_UNINITIALIZED_AUTOS = YES_AGGRESSIVE;
				GCC_WARN_UNUSED_FUNCTION = YES;
				GCC_WARN_UNUSED_VARIABLE = YES;
				IPHONEOS_DEPLOYMENT_TARGET = 14.4;
				MTL_ENABLE_DEBUG_INFO = INCLUDE_SOURCE;
				MTL_FAST_MATH = YES;
				ONLY_ACTIVE_ARCH = YES;
				SDKROOT = iphoneos;
				SWIFT_ACTIVE_COMPILATION_CONDITIONS = DEBUG;
				SWIFT_OPTIMIZATION_LEVEL = "-Onone";
			};
			name = Debug;
		};
		32049E8D260774F000058371 /* Release */ = {
			isa = XCBuildConfiguration;
			buildSettings = {
				ALWAYS_SEARCH_USER_PATHS = NO;
				CLANG_ANALYZER_NONNULL = YES;
				CLANG_ANALYZER_NUMBER_OBJECT_CONVERSION = YES_AGGRESSIVE;
				CLANG_CXX_LANGUAGE_STANDARD = "gnu++14";
				CLANG_CXX_LIBRARY = "libc++";
				CLANG_ENABLE_MODULES = YES;
				CLANG_ENABLE_OBJC_ARC = YES;
				CLANG_ENABLE_OBJC_WEAK = YES;
				CLANG_WARN_BLOCK_CAPTURE_AUTORELEASING = YES;
				CLANG_WARN_BOOL_CONVERSION = YES;
				CLANG_WARN_COMMA = YES;
				CLANG_WARN_CONSTANT_CONVERSION = YES;
				CLANG_WARN_DEPRECATED_OBJC_IMPLEMENTATIONS = YES;
				CLANG_WARN_DIRECT_OBJC_ISA_USAGE = YES_ERROR;
				CLANG_WARN_DOCUMENTATION_COMMENTS = YES;
				CLANG_WARN_EMPTY_BODY = YES;
				CLANG_WARN_ENUM_CONVERSION = YES;
				CLANG_WARN_INFINITE_RECURSION = YES;
				CLANG_WARN_INT_CONVERSION = YES;
				CLANG_WARN_NON_LITERAL_NULL_CONVERSION = YES;
				CLANG_WARN_OBJC_IMPLICIT_RETAIN_SELF = YES;
				CLANG_WARN_OBJC_LITERAL_CONVERSION = YES;
				CLANG_WARN_OBJC_ROOT_CLASS = YES_ERROR;
				CLANG_WARN_QUOTED_INCLUDE_IN_FRAMEWORK_HEADER = YES;
				CLANG_WARN_RANGE_LOOP_ANALYSIS = YES;
				CLANG_WARN_STRICT_PROTOTYPES = YES;
				CLANG_WARN_SUSPICIOUS_MOVE = YES;
				CLANG_WARN_UNGUARDED_AVAILABILITY = YES_AGGRESSIVE;
				CLANG_WARN_UNREACHABLE_CODE = YES;
				CLANG_WARN__DUPLICATE_METHOD_MATCH = YES;
				COPY_PHASE_STRIP = NO;
				DEBUG_INFORMATION_FORMAT = "dwarf-with-dsym";
				ENABLE_NS_ASSERTIONS = NO;
				ENABLE_STRICT_OBJC_MSGSEND = YES;
				GCC_C_LANGUAGE_STANDARD = gnu11;
				GCC_NO_COMMON_BLOCKS = YES;
				GCC_WARN_64_TO_32_BIT_CONVERSION = YES;
				GCC_WARN_ABOUT_RETURN_TYPE = YES_ERROR;
				GCC_WARN_UNDECLARED_SELECTOR = YES;
				GCC_WARN_UNINITIALIZED_AUTOS = YES_AGGRESSIVE;
				GCC_WARN_UNUSED_FUNCTION = YES;
				GCC_WARN_UNUSED_VARIABLE = YES;
				IPHONEOS_DEPLOYMENT_TARGET = 14.4;
				MTL_ENABLE_DEBUG_INFO = NO;
				MTL_FAST_MATH = YES;
				SDKROOT = iphoneos;
				SWIFT_COMPILATION_MODE = wholemodule;
				SWIFT_OPTIMIZATION_LEVEL = "-O";
				VALIDATE_PRODUCT = YES;
			};
			name = Release;
		};
		32049E8F260774F000058371 /* Debug */ = {
			isa = XCBuildConfiguration;
			baseConfigurationReference = 4DD148754BC3E68BD751DD64 /* Pods-BatteryMonitorBL.debug.xcconfig */;
			buildSettings = {
				ASSETCATALOG_COMPILER_APPICON_NAME = AppIcon;
				ASSETCATALOG_COMPILER_GLOBAL_ACCENT_COLOR_NAME = AccentColor;
				CLANG_ENABLE_MODULES = YES;
				CODE_SIGN_IDENTITY = "Apple Development";
				CODE_SIGN_STYLE = Automatic;
				CURRENT_PROJECT_VERSION = 36;
				DEFINES_MODULE = YES;
				DEVELOPMENT_TEAM = L9FD4J2A6P;
				GCC_PREFIX_HEADER = "";
				INFOPLIST_FILE = "$(SRCROOT)/BatteryMonitorBL/Info.plist";
				INFOPLIST_KEY_CFBundleDisplayName = BigBattery;
				INFOPLIST_KEY_LSApplicationCategoryType = "public.app-category.utilities";
				IPHONEOS_DEPLOYMENT_TARGET = 14.0;
				LD_RUNPATH_SEARCH_PATHS = (
					"$(inherited)",
					"@executable_path/Frameworks",
				);
				MARKETING_VERSION = 1.4.1;
				PRODUCT_BUNDLE_IDENTIFIER = com.bigbattery.app;
				PRODUCT_NAME = "$(TARGET_NAME)";
				PROVISIONING_PROFILE_SPECIFIER = "";
				SUPPORTED_PLATFORMS = "iphoneos iphonesimulator";
				SUPPORTS_MACCATALYST = NO;
				SUPPORTS_MAC_DESIGNED_FOR_IPHONE_IPAD = NO;
				SUPPORTS_XR_DESIGNED_FOR_IPHONE_IPAD = NO;
				SWIFT_OBJC_BRIDGING_HEADER = "";
				SWIFT_OPTIMIZATION_LEVEL = "-Onone";
				SWIFT_VERSION = 5.0;
				TARGETED_DEVICE_FAMILY = 1;
				USER_HEADER_SEARCH_PATHS = "$(SRCROOT)/**";
			};
			name = Debug;
		};
		32049E90260774F000058371 /* Release */ = {
			isa = XCBuildConfiguration;
			baseConfigurationReference = D66A4BD0B8978044385B3013 /* Pods-BatteryMonitorBL.release.xcconfig */;
			buildSettings = {
				ASSETCATALOG_COMPILER_APPICON_NAME = AppIcon;
				ASSETCATALOG_COMPILER_GLOBAL_ACCENT_COLOR_NAME = AccentColor;
				CLANG_ENABLE_MODULES = YES;
				CODE_SIGN_IDENTITY = "Apple Development";
				CODE_SIGN_STYLE = Automatic;
				CURRENT_PROJECT_VERSION = 36;
				DEFINES_MODULE = YES;
				DEVELOPMENT_TEAM = L9FD4J2A6P;
				GCC_PREFIX_HEADER = "";
				INFOPLIST_FILE = "$(SRCROOT)/BatteryMonitorBL/Info.plist";
				INFOPLIST_KEY_CFBundleDisplayName = BigBattery;
				INFOPLIST_KEY_LSApplicationCategoryType = "public.app-category.utilities";
				IPHONEOS_DEPLOYMENT_TARGET = 14.0;
				LD_RUNPATH_SEARCH_PATHS = (
					"$(inherited)",
					"@executable_path/Frameworks",
				);
				MARKETING_VERSION = 1.4.1;
				PRODUCT_BUNDLE_IDENTIFIER = com.bigbattery.app;
				PRODUCT_NAME = "$(TARGET_NAME)";
				PROVISIONING_PROFILE_SPECIFIER = "";
				SUPPORTED_PLATFORMS = "iphoneos iphonesimulator";
				SUPPORTS_MACCATALYST = NO;
				SUPPORTS_MAC_DESIGNED_FOR_IPHONE_IPAD = NO;
				SUPPORTS_XR_DESIGNED_FOR_IPHONE_IPAD = NO;
				SWIFT_OBJC_BRIDGING_HEADER = "";
				SWIFT_VERSION = 5.0;
				TARGETED_DEVICE_FAMILY = 1;
				USER_HEADER_SEARCH_PATHS = "$(SRCROOT)/**";
			};
			name = Release;
		};
/* End XCBuildConfiguration section */

/* Begin XCConfigurationList section */
		32049E75260774EF00058371 /* Build configuration list for PBXProject "BatteryMonitorBL" */ = {
			isa = XCConfigurationList;
			buildConfigurations = (
				32049E8C260774F000058371 /* Debug */,
				32049E8D260774F000058371 /* Release */,
			);
			defaultConfigurationIsVisible = 0;
			defaultConfigurationName = Release;
		};
		32049E8E260774F000058371 /* Build configuration list for PBXNativeTarget "BatteryMonitorBL" */ = {
			isa = XCConfigurationList;
			buildConfigurations = (
				32049E8F260774F000058371 /* Debug */,
				32049E90260774F000058371 /* Release */,
			);
			defaultConfigurationIsVisible = 0;
			defaultConfigurationName = Release;
		};
/* End XCConfigurationList section */
	};
	rootObject = 32049E72260774EF00058371 /* Project object */;
}
